
Microsoft Visual Studio Solution File, Format Version 12.00
# Visual Studio Version 17
VisualStudioVersion = 17.14.37516.0 d17.14
MinimumVisualStudioVersion = 10.0.40219.1
Project("{FAE04EC0-301F-11D3-BF4B-00C04F79EFBC}") = "Capa_Vista_ComboI", "Capa_Vista_ComboI\Capa_Vista_ComboI.csproj", "{B065324A-5560-40D9-9CD7-BDAAA30855FB}"
EndProject
Project("{FAE04EC0-301F-11D3-BF4B-00C04F79EFBC}") = "Capa_Modelo_ComboI", "Capa_Modelo_ComboI\Capa_Modelo_ComboI.csproj", "{C6F9A03A-2503-457C-945C-C2E9F5728E85}"
EndProject
Project("{FAE04EC0-301F-11D3-BF4B-00C04F79EFBC}") = "Capa_Controlador_ComboI", "Capa_Controlador_ComboI\Capa_Controlador_ComboI.csproj", "{2191629B-DE9E-48D1-900B-5A16A3D65C09}"
EndProject
Global
	GlobalSection(SolutionConfigurationPlatforms) = preSolution
		Debug|Any CPU = Debug|Any CPU
		Release|Any CPU = Release|Any CPU
	EndGlobalSection
	GlobalSection(ProjectConfigurationPlatforms) = postSolution
		{B065324A-5560-40D9-9CD7-BDAAA30855FB}.Debug|Any CPU.ActiveCfg = Debug|Any CPU
		{B065324A-5560-40D9-9CD7-BDAAA30855FB}.Debug|Any CPU.Build.0 = Debug|Any CPU
		{B065324A-5560-40D9-9CD7-BDAAA30855FB}.Release|Any CPU.ActiveCfg = Release|Any CPU
		{B065324A-5560-40D9-9CD7-BDAAA30855FB}.Release|Any CPU.Build.0 = Release|Any CPU
		{C6F9A03A-2503-457C-945C-C2E9F5728E85}.Debug|Any CPU.ActiveCfg = Debug|Any CPU
		{C6F9A03A-2503-457C-945C-C2E9F5728E85}.Debug|Any CPU.Build.0 = Debug|Any CPU
		{C6F9A03A-2503-457C-945C-C2E9F5728E85}.Release|Any CPU.ActiveCfg = Release|Any CPU
		{C6F9A03A-2503-457C-945C-C2E9F5728E85}.Release|Any CPU.Build.0 = Release|Any CPU
		{2191629B-DE9E-48D1-900B-5A16A3D65C09}.Debug|Any CPU.ActiveCfg = Debug|Any CPU
		{2191629B-DE9E-48D1-900B-5A16A3D65C09}.Debug|Any CPU.Build.0 = Debug|Any CPU
		{2191629B-DE9E-48D1-900B-5A16A3D65C09}.Release|Any CPU.ActiveCfg = Release|Any CPU
		{2191629B-DE9E-48D1-900B-5A16A3D65C09}.Release|Any CPU.Build.0 = Release|Any CPU
	EndGlobalSection
	GlobalSection(SolutionProperties) = preSolution
		HideSolutionNode = FALSE
	EndGlobalSection
	GlobalSection(ExtensibilityGlobals) = postSolution
		SolutionGuid = {2EAAEE72-21BB-43D5-9414-E752482843BC}
	EndGlobalSection
EndGlobal
