
Microsoft Visual Studio Solution File, Format Version 12.00
# Visual Studio Version 17
VisualStudioVersion = 17.14.37516.0 d17.14
MinimumVisualStudioVersion = 10.0.40219.1
Project("{FAE04EC0-301F-11D3-BF4B-00C04F79EFBC}") = "ComboInteligente_final", "ComboInteligente_final\ComboInteligente_final.csproj", "{B7DB82F0-6AD2-4110-8056-F29A079A9C48}"
EndProject
Global
	GlobalSection(SolutionConfigurationPlatforms) = preSolution
		Debug|Any CPU = Debug|Any CPU
		Release|Any CPU = Release|Any CPU
	EndGlobalSection
	GlobalSection(ProjectConfigurationPlatforms) = postSolution
		{B7DB82F0-6AD2-4110-8056-F29A079A9C48}.Debug|Any CPU.ActiveCfg = Debug|Any CPU
		{B7DB82F0-6AD2-4110-8056-F29A079A9C48}.Debug|Any CPU.Build.0 = Debug|Any CPU
		{B7DB82F0-6AD2-4110-8056-F29A079A9C48}.Release|Any CPU.ActiveCfg = Release|Any CPU
		{B7DB82F0-6AD2-4110-8056-F29A079A9C48}.Release|Any CPU.Build.0 = Release|Any CPU
	EndGlobalSection
	GlobalSection(SolutionProperties) = preSolution
		HideSolutionNode = FALSE
	EndGlobalSection
	GlobalSection(ExtensibilityGlobals) = postSolution
		SolutionGuid = {B7472446-C653-42E3-947E-76B4F269BE4B}
	EndGlobalSection
EndGlobal
